
Microsoft Visual Studio Solution File, Format Version 12.00
# Visual Studio Version 17
VisualStudioVersion = 17.6.33815.320
MinimumVisualStudioVersion = 10.0.40219.1
Project("{FAE04EC0-301F-11D3-BF4B-00C04F79EFBC}") = "Kalitim(inheritance)uygulamasi2", "Kalitim(inheritance)uygulamasi2.csproj", "{AD36FABF-D0DE-4C63-ACA5-01A1651FA54F}"
EndProject
Global
	GlobalSection(SolutionConfigurationPlatforms) = preSolution
		Debug|Any CPU = Debug|Any CPU
		Release|Any CPU = Release|Any CPU
	EndGlobalSection
	GlobalSection(ProjectConfigurationPlatforms) = postSolution
		{AD36FABF-D0DE-4C63-ACA5-01A1651FA54F}.Debug|Any CPU.ActiveCfg = Debug|Any CPU
		{AD36FABF-D0DE-4C63-ACA5-01A1651FA54F}.Debug|Any CPU.Build.0 = Debug|Any CPU
		{AD36FABF-D0DE-4C63-ACA5-01A1651FA54F}.Release|Any CPU.ActiveCfg = Release|Any CPU
		{AD36FABF-D0DE-4C63-ACA5-01A1651FA54F}.Release|Any CPU.Build.0 = Release|Any CPU
	EndGlobalSection
	GlobalSection(SolutionProperties) = preSolution
		HideSolutionNode = FALSE
	EndGlobalSection
	GlobalSection(ExtensibilityGlobals) = postSolution
		SolutionGuid = {F795CF26-3F94-4D06-A434-CD9C2A329E0F}
	EndGlobalSection
EndGlobal
